// !$*UTF8*$!
{
	archiveVersion = 1;
	classes = {
	};
	objectVersion = 46;
	objects = {

/* Begin PBXBuildFile section */
		45209F141F315E4200859AF6 /* Realm+Extensions.swift in Sources */ = {isa = PBXBuildFile; fileRef = 45209F131F315E4200859AF6 /* Realm+Extensions.swift */; };
		45209F151F315E4200859AF6 /* Realm+Extensions.swift in Sources */ = {isa = PBXBuildFile; fileRef = 45209F131F315E4200859AF6 /* Realm+Extensions.swift */; };
		45209F171F38D75F00859AF6 /* UIViewController+Extensions.swift in Sources */ = {isa = PBXBuildFile; fileRef = 45209F161F38D75F00859AF6 /* UIViewController+Extensions.swift */; };
		45209F181F38D75F00859AF6 /* UIViewController+Extensions.swift in Sources */ = {isa = PBXBuildFile; fileRef = 45209F161F38D75F00859AF6 /* UIViewController+Extensions.swift */; };
		45209F1D1F3A3C3100859AF6 /* ShuffledDeck.swift in Sources */ = {isa = PBXBuildFile; fileRef = 45209F1C1F3A3C3100859AF6 /* ShuffledDeck.swift */; };
		45209F1E1F3A3C3100859AF6 /* ShuffledDeck.swift in Sources */ = {isa = PBXBuildFile; fileRef = 45209F1C1F3A3C3100859AF6 /* ShuffledDeck.swift */; };
		45209F201F3E2D3500859AF6 /* Coffee.swift in Sources */ = {isa = PBXBuildFile; fileRef = 45209F1F1F3E2D3500859AF6 /* Coffee.swift */; };
		45209F211F3E2D3500859AF6 /* Coffee.swift in Sources */ = {isa = PBXBuildFile; fileRef = 45209F1F1F3E2D3500859AF6 /* Coffee.swift */; };
		45209F241F3E34FD00859AF6 /* Deck+Data.swift in Sources */ = {isa = PBXBuildFile; fileRef = 45209F231F3E34FD00859AF6 /* Deck+Data.swift */; };
		45209F251F3E34FD00859AF6 /* Deck+Data.swift in Sources */ = {isa = PBXBuildFile; fileRef = 45209F231F3E34FD00859AF6 /* Deck+Data.swift */; };
		45209F281F3E353300859AF6 /* Card+Data.swift in Sources */ = {isa = PBXBuildFile; fileRef = 45209F271F3E353300859AF6 /* Card+Data.swift */; };
		45209F291F3E353300859AF6 /* Card+Data.swift in Sources */ = {isa = PBXBuildFile; fileRef = 45209F271F3E353300859AF6 /* Card+Data.swift */; };
		453D53531F2BC1890045AACD /* Errors.swift in Sources */ = {isa = PBXBuildFile; fileRef = 453D53521F2BC1890045AACD /* Errors.swift */; };
		453D53541F2BC1890045AACD /* Errors.swift in Sources */ = {isa = PBXBuildFile; fileRef = 453D53521F2BC1890045AACD /* Errors.swift */; };
		45BAEC7D1F20583B0055B0EE /* AppDelegate.swift in Sources */ = {isa = PBXBuildFile; fileRef = 45BAEC7C1F20583B0055B0EE /* AppDelegate.swift */; };
		45BAEC7F1F20583B0055B0EE /* DeckViewController.swift in Sources */ = {isa = PBXBuildFile; fileRef = 45BAEC7E1F20583B0055B0EE /* DeckViewController.swift */; };
		45BAEC821F20583B0055B0EE /* Main.storyboard in Resources */ = {isa = PBXBuildFile; fileRef = 45BAEC801F20583B0055B0EE /* Main.storyboard */; };
		45BAEC841F20583B0055B0EE /* Assets.xcassets in Resources */ = {isa = PBXBuildFile; fileRef = 45BAEC831F20583B0055B0EE /* Assets.xcassets */; };
		45BAEC871F20583B0055B0EE /* LaunchScreen.storyboard in Resources */ = {isa = PBXBuildFile; fileRef = 45BAEC851F20583B0055B0EE /* LaunchScreen.storyboard */; };
		45BAEC921F20583B0055B0EE /* FlashcardTests.swift in Sources */ = {isa = PBXBuildFile; fileRef = 45BAEC911F20583B0055B0EE /* FlashcardTests.swift */; };
		45BC40681F2CDF060045D07C /* JSON+Extensions.swift in Sources */ = {isa = PBXBuildFile; fileRef = 45BC40671F2CDF060045D07C /* JSON+Extensions.swift */; };
		45BC40691F2CDF060045D07C /* JSON+Extensions.swift in Sources */ = {isa = PBXBuildFile; fileRef = 45BC40671F2CDF060045D07C /* JSON+Extensions.swift */; };
		45BC406B1F2CE0290045D07C /* Alamofire+Extensions.swift in Sources */ = {isa = PBXBuildFile; fileRef = 45BC406A1F2CE0290045D07C /* Alamofire+Extensions.swift */; };
		45BC406C1F2CE0290045D07C /* Alamofire+Extensions.swift in Sources */ = {isa = PBXBuildFile; fileRef = 45BC406A1F2CE0290045D07C /* Alamofire+Extensions.swift */; };
		45BC406E1F2CE3610045D07C /* NSError+Extensions.swift in Sources */ = {isa = PBXBuildFile; fileRef = 45BC406D1F2CE3610045D07C /* NSError+Extensions.swift */; };
		45BC406F1F2CE3610045D07C /* NSError+Extensions.swift in Sources */ = {isa = PBXBuildFile; fileRef = 45BC406D1F2CE3610045D07C /* NSError+Extensions.swift */; };
		45BC40711F2CF2DD0045D07C /* RootTableViewController.swift in Sources */ = {isa = PBXBuildFile; fileRef = 45BC40701F2CF2DD0045D07C /* RootTableViewController.swift */; };
		45BC40721F2CF2DD0045D07C /* RootTableViewController.swift in Sources */ = {isa = PBXBuildFile; fileRef = 45BC40701F2CF2DD0045D07C /* RootTableViewController.swift */; };
		45BC40741F2E49F40045D07C /* ChooseDeckViewController.swift in Sources */ = {isa = PBXBuildFile; fileRef = 45BC40731F2E49F40045D07C /* ChooseDeckViewController.swift */; };
		45BC40751F2E49F40045D07C /* ChooseDeckViewController.swift in Sources */ = {isa = PBXBuildFile; fileRef = 45BC40731F2E49F40045D07C /* ChooseDeckViewController.swift */; };
		45BC40771F2E5B650045D07C /* NewDeckFormController.swift in Sources */ = {isa = PBXBuildFile; fileRef = 45BC40761F2E5B650045D07C /* NewDeckFormController.swift */; };
		45BC40781F2E5B650045D07C /* NewDeckFormController.swift in Sources */ = {isa = PBXBuildFile; fileRef = 45BC40761F2E5B650045D07C /* NewDeckFormController.swift */; };
		45BC407A1F2FE1DB0045D07C /* Nudge.swift in Sources */ = {isa = PBXBuildFile; fileRef = 45BC40791F2FE1DB0045D07C /* Nudge.swift */; };
		45BC407B1F2FE1DB0045D07C /* Nudge.swift in Sources */ = {isa = PBXBuildFile; fileRef = 45BC40791F2FE1DB0045D07C /* Nudge.swift */; };
		45BC407D1F2FEC210045D07C /* NudgeTimeEditViewController.swift in Sources */ = {isa = PBXBuildFile; fileRef = 45BC407C1F2FEC210045D07C /* NudgeTimeEditViewController.swift */; };
		45BC407E1F2FEC210045D07C /* NudgeTimeEditViewController.swift in Sources */ = {isa = PBXBuildFile; fileRef = 45BC407C1F2FEC210045D07C /* NudgeTimeEditViewController.swift */; };
		45BC407F1F2FFFA40045D07C /* DeckViewController.swift in Sources */ = {isa = PBXBuildFile; fileRef = 45BAEC7E1F20583B0055B0EE /* DeckViewController.swift */; };
		45BC40811F3002670045D07C /* NewCardFormController.swift in Sources */ = {isa = PBXBuildFile; fileRef = 45BC40801F3002670045D07C /* NewCardFormController.swift */; };
		45BC40821F3002670045D07C /* NewCardFormController.swift in Sources */ = {isa = PBXBuildFile; fileRef = 45BC40801F3002670045D07C /* NewCardFormController.swift */; };
		45E8162A1F25251A0088416F /* Deck.swift in Sources */ = {isa = PBXBuildFile; fileRef = 45E816291F25251A0088416F /* Deck.swift */; };
		45E8162B1F25251A0088416F /* Deck.swift in Sources */ = {isa = PBXBuildFile; fileRef = 45E816291F25251A0088416F /* Deck.swift */; };
		45E8162D1F2525230088416F /* Card.swift in Sources */ = {isa = PBXBuildFile; fileRef = 45E8162C1F2525230088416F /* Card.swift */; };
		45E8162E1F2525230088416F /* Card.swift in Sources */ = {isa = PBXBuildFile; fileRef = 45E8162C1F2525230088416F /* Card.swift */; };
		45E816321F252A7C0088416F /* Routes.swift in Sources */ = {isa = PBXBuildFile; fileRef = 45E816311F252A7C0088416F /* Routes.swift */; };
		45E816331F252A7C0088416F /* Routes.swift in Sources */ = {isa = PBXBuildFile; fileRef = 45E816311F252A7C0088416F /* Routes.swift */; };
		45E816351F2535470088416F /* Session.swift in Sources */ = {isa = PBXBuildFile; fileRef = 45E816341F2535470088416F /* Session.swift */; };
		45E816361F2535470088416F /* Session.swift in Sources */ = {isa = PBXBuildFile; fileRef = 45E816341F2535470088416F /* Session.swift */; };
		6BA15346B93B96DDEE5400CB /* Pods_FlashcardTests.framework in Frameworks */ = {isa = PBXBuildFile; fileRef = AE143CFB7D77D160C7D4EAA6 /* Pods_FlashcardTests.framework */; };
		924D724A95FB37C1B2EBEC34 /* Pods_Flashcard.framework in Frameworks */ = {isa = PBXBuildFile; fileRef = 2E28AB1634D71336BAF914D6 /* Pods_Flashcard.framework */; };
/* End PBXBuildFile section */

/* Begin PBXContainerItemProxy section */
		45BAEC8E1F20583B0055B0EE /* PBXContainerItemProxy */ = {
			isa = PBXContainerItemProxy;
			containerPortal = 45BAEC711F20583B0055B0EE /* Project object */;
			proxyType = 1;
			remoteGlobalIDString = 45BAEC781F20583B0055B0EE;
			remoteInfo = Flashcard;
		};
/* End PBXContainerItemProxy section */

/* Begin PBXFileReference section */
		2E28AB1634D71336BAF914D6 /* Pods_Flashcard.framework */ = {isa = PBXFileReference; explicitFileType = wrapper.framework; includeInIndex = 0; path = Pods_Flashcard.framework; sourceTree = BUILT_PRODUCTS_DIR; };
		431D88863FF15FCB43E2E4A6 /* Pods-FlashcardTests.debug.xcconfig */ = {isa = PBXFileReference; includeInIndex = 1; lastKnownFileType = text.xcconfig; name = "Pods-FlashcardTests.debug.xcconfig"; path = "Pods/Target Support Files/Pods-FlashcardTests/Pods-FlashcardTests.debug.xcconfig"; sourceTree = "<group>"; };
		45209F131F315E4200859AF6 /* Realm+Extensions.swift */ = {isa = PBXFileReference; fileEncoding = 4; lastKnownFileType = sourcecode.swift; path = "Realm+Extensions.swift"; sourceTree = "<group>"; };
		45209F161F38D75F00859AF6 /* UIViewController+Extensions.swift */ = {isa = PBXFileReference; fileEncoding = 4; lastKnownFileType = sourcecode.swift; path = "UIViewController+Extensions.swift"; sourceTree = "<group>"; };
		45209F1C1F3A3C3100859AF6 /* ShuffledDeck.swift */ = {isa = PBXFileReference; fileEncoding = 4; lastKnownFileType = sourcecode.swift; path = ShuffledDeck.swift; sourceTree = "<group>"; };
		45209F1F1F3E2D3500859AF6 /* Coffee.swift */ = {isa = PBXFileReference; fileEncoding = 4; lastKnownFileType = sourcecode.swift; path = Coffee.swift; sourceTree = "<group>"; };
		45209F231F3E34FD00859AF6 /* Deck+Data.swift */ = {isa = PBXFileReference; fileEncoding = 4; lastKnownFileType = sourcecode.swift; path = "Deck+Data.swift"; sourceTree = "<group>"; };
		45209F271F3E353300859AF6 /* Card+Data.swift */ = {isa = PBXFileReference; fileEncoding = 4; lastKnownFileType = sourcecode.swift; path = "Card+Data.swift"; sourceTree = "<group>"; };
		453D53521F2BC1890045AACD /* Errors.swift */ = {isa = PBXFileReference; fileEncoding = 4; lastKnownFileType = sourcecode.swift; path = Errors.swift; sourceTree = "<group>"; };
		45BAEC791F20583B0055B0EE /* Flashcard.app */ = {isa = PBXFileReference; explicitFileType = wrapper.application; includeInIndex = 0; path = Flashcard.app; sourceTree = BUILT_PRODUCTS_DIR; };
		45BAEC7C1F20583B0055B0EE /* AppDelegate.swift */ = {isa = PBXFileReference; lastKnownFileType = sourcecode.swift; path = AppDelegate.swift; sourceTree = "<group>"; };
		45BAEC7E1F20583B0055B0EE /* DeckViewController.swift */ = {isa = PBXFileReference; lastKnownFileType = sourcecode.swift; path = DeckViewController.swift; sourceTree = "<group>"; };
		45BAEC811F20583B0055B0EE /* Base */ = {isa = PBXFileReference; lastKnownFileType = file.storyboard; name = Base; path = Base.lproj/Main.storyboard; sourceTree = "<group>"; };
		45BAEC831F20583B0055B0EE /* Assets.xcassets */ = {isa = PBXFileReference; lastKnownFileType = folder.assetcatalog; path = Assets.xcassets; sourceTree = "<group>"; };
		45BAEC861F20583B0055B0EE /* Base */ = {isa = PBXFileReference; lastKnownFileType = file.storyboard; name = Base; path = Base.lproj/LaunchScreen.storyboard; sourceTree = "<group>"; };
		45BAEC881F20583B0055B0EE /* Info.plist */ = {isa = PBXFileReference; lastKnownFileType = text.plist.xml; path = Info.plist; sourceTree = "<group>"; };
		45BAEC8D1F20583B0055B0EE /* FlashcardTests.xctest */ = {isa = PBXFileReference; explicitFileType = wrapper.cfbundle; includeInIndex = 0; path = FlashcardTests.xctest; sourceTree = BUILT_PRODUCTS_DIR; };
		45BAEC911F20583B0055B0EE /* FlashcardTests.swift */ = {isa = PBXFileReference; lastKnownFileType = sourcecode.swift; path = FlashcardTests.swift; sourceTree = "<group>"; };
		45BAEC931F20583B0055B0EE /* Info.plist */ = {isa = PBXFileReference; lastKnownFileType = text.plist.xml; path = Info.plist; sourceTree = "<group>"; };
		45BC40671F2CDF060045D07C /* JSON+Extensions.swift */ = {isa = PBXFileReference; fileEncoding = 4; lastKnownFileType = sourcecode.swift; path = "JSON+Extensions.swift"; sourceTree = "<group>"; };
		45BC406A1F2CE0290045D07C /* Alamofire+Extensions.swift */ = {isa = PBXFileReference; fileEncoding = 4; lastKnownFileType = sourcecode.swift; path = "Alamofire+Extensions.swift"; sourceTree = "<group>"; };
		45BC406D1F2CE3610045D07C /* NSError+Extensions.swift */ = {isa = PBXFileReference; fileEncoding = 4; lastKnownFileType = sourcecode.swift; path = "NSError+Extensions.swift"; sourceTree = "<group>"; };
		45BC40701F2CF2DD0045D07C /* RootTableViewController.swift */ = {isa = PBXFileReference; fileEncoding = 4; lastKnownFileType = sourcecode.swift; path = RootTableViewController.swift; sourceTree = "<group>"; };
		45BC40731F2E49F40045D07C /* ChooseDeckViewController.swift */ = {isa = PBXFileReference; fileEncoding = 4; lastKnownFileType = sourcecode.swift; path = ChooseDeckViewController.swift; sourceTree = "<group>"; };
		45BC40761F2E5B650045D07C /* NewDeckFormController.swift */ = {isa = PBXFileReference; fileEncoding = 4; lastKnownFileType = sourcecode.swift; path = NewDeckFormController.swift; sourceTree = "<group>"; };
		45BC40791F2FE1DB0045D07C /* Nudge.swift */ = {isa = PBXFileReference; fileEncoding = 4; lastKnownFileType = sourcecode.swift; path = Nudge.swift; sourceTree = "<group>"; };
		45BC407C1F2FEC210045D07C /* NudgeTimeEditViewController.swift */ = {isa = PBXFileReference; fileEncoding = 4; lastKnownFileType = sourcecode.swift; path = NudgeTimeEditViewController.swift; sourceTree = "<group>"; };
		45BC40801F3002670045D07C /* NewCardFormController.swift */ = {isa = PBXFileReference; fileEncoding = 4; lastKnownFileType = sourcecode.swift; path = NewCardFormController.swift; sourceTree = "<group>"; };
		45E816291F25251A0088416F /* Deck.swift */ = {isa = PBXFileReference; fileEncoding = 4; lastKnownFileType = sourcecode.swift; path = Deck.swift; sourceTree = "<group>"; };
		45E8162C1F2525230088416F /* Card.swift */ = {isa = PBXFileReference; fileEncoding = 4; lastKnownFileType = sourcecode.swift; path = Card.swift; sourceTree = "<group>"; };
		45E816311F252A7C0088416F /* Routes.swift */ = {isa = PBXFileReference; fileEncoding = 4; lastKnownFileType = sourcecode.swift; path = Routes.swift; sourceTree = "<group>"; };
		45E816341F2535470088416F /* Session.swift */ = {isa = PBXFileReference; fileEncoding = 4; lastKnownFileType = sourcecode.swift; path = Session.swift; sourceTree = "<group>"; };
		50EE67A0B5EA5EDEB5BC474C /* Pods-Flashcard.release.xcconfig */ = {isa = PBXFileReference; includeInIndex = 1; lastKnownFileType = text.xcconfig; name = "Pods-Flashcard.release.xcconfig"; path = "Pods/Target Support Files/Pods-Flashcard/Pods-Flashcard.release.xcconfig"; sourceTree = "<group>"; };
		699AD0D52620274113FACCA9 /* Pods-FlashcardTests.release.xcconfig */ = {isa = PBXFileReference; includeInIndex = 1; lastKnownFileType = text.xcconfig; name = "Pods-FlashcardTests.release.xcconfig"; path = "Pods/Target Support Files/Pods-FlashcardTests/Pods-FlashcardTests.release.xcconfig"; sourceTree = "<group>"; };
		8FD52A740E62230C8AFDC9B2 /* Pods-Flashcard.debug.xcconfig */ = {isa = PBXFileReference; includeInIndex = 1; lastKnownFileType = text.xcconfig; name = "Pods-Flashcard.debug.xcconfig"; path = "Pods/Target Support Files/Pods-Flashcard/Pods-Flashcard.debug.xcconfig"; sourceTree = "<group>"; };
		AE143CFB7D77D160C7D4EAA6 /* Pods_FlashcardTests.framework */ = {isa = PBXFileReference; explicitFileType = wrapper.framework; includeInIndex = 0; path = Pods_FlashcardTests.framework; sourceTree = BUILT_PRODUCTS_DIR; };
/* End PBXFileReference section */

/* Begin PBXFrameworksBuildPhase section */
		45BAEC761F20583B0055B0EE /* Frameworks */ = {
			isa = PBXFrameworksBuildPhase;
			buildActionMask = 2147483647;
			files = (
				924D724A95FB37C1B2EBEC34 /* Pods_Flashcard.framework in Frameworks */,
			);
			runOnlyForDeploymentPostprocessing = 0;
		};
		45BAEC8A1F20583B0055B0EE /* Frameworks */ = {
			isa = PBXFrameworksBuildPhase;
			buildActionMask = 2147483647;
			files = (
				6BA15346B93B96DDEE5400CB /* Pods_FlashcardTests.framework in Frameworks */,
			);
			runOnlyForDeploymentPostprocessing = 0;
		};
/* End PBXFrameworksBuildPhase section */

/* Begin PBXGroup section */
		45209F221F3E34EC00859AF6 /* Deck */ = {
			isa = PBXGroup;
			children = (
				45E816291F25251A0088416F /* Deck.swift */,
				45209F231F3E34FD00859AF6 /* Deck+Data.swift */,
			);
			name = Deck;
			sourceTree = "<group>";
		};
		45209F261F3E352400859AF6 /* Card */ = {
			isa = PBXGroup;
			children = (
				45E8162C1F2525230088416F /* Card.swift */,
				45209F271F3E353300859AF6 /* Card+Data.swift */,
			);
			name = Card;
			sourceTree = "<group>";
		};
		45209F2A1F40EC5B00859AF6 /* Nudge */ = {
			isa = PBXGroup;
			children = (
				45BC40791F2FE1DB0045D07C /* Nudge.swift */,
			);
			name = Nudge;
			sourceTree = "<group>";
		};
		45BAEC701F20583B0055B0EE = {
			isa = PBXGroup;
			children = (
				45BAEC7B1F20583B0055B0EE /* Flashcard */,
				45BAEC901F20583B0055B0EE /* FlashcardTests */,
				45BAEC7A1F20583B0055B0EE /* Products */,
				DF24284BE6C2FD2AD58B75CB /* Pods */,
				E9A104186A58F6AC3F2FF8BF /* Frameworks */,
			);
			sourceTree = "<group>";
		};
		45BAEC7A1F20583B0055B0EE /* Products */ = {
			isa = PBXGroup;
			children = (
				45BAEC791F20583B0055B0EE /* Flashcard.app */,
				45BAEC8D1F20583B0055B0EE /* FlashcardTests.xctest */,
			);
			name = Products;
			sourceTree = "<group>";
		};
		45BAEC7B1F20583B0055B0EE /* Flashcard */ = {
			isa = PBXGroup;
			children = (
				45BC40661F2CDEF90045D07C /* Extensions */,
				45E816301F252A700088416F /* Networking */,
				45E816281F2525060088416F /* Models */,
				45BAEC7C1F20583B0055B0EE /* AppDelegate.swift */,
				45E816341F2535470088416F /* Session.swift */,
				45209F1C1F3A3C3100859AF6 /* ShuffledDeck.swift */,
				45BC40701F2CF2DD0045D07C /* RootTableViewController.swift */,
				45BC40731F2E49F40045D07C /* ChooseDeckViewController.swift */,
				45BC407C1F2FEC210045D07C /* NudgeTimeEditViewController.swift */,
				45BC40761F2E5B650045D07C /* NewDeckFormController.swift */,
				45BC40801F3002670045D07C /* NewCardFormController.swift */,
				45BAEC7E1F20583B0055B0EE /* DeckViewController.swift */,
				45BAEC801F20583B0055B0EE /* Main.storyboard */,
				45BAEC831F20583B0055B0EE /* Assets.xcassets */,
				45BAEC851F20583B0055B0EE /* LaunchScreen.storyboard */,
				45BAEC881F20583B0055B0EE /* Info.plist */,
			);
			path = Flashcard;
			sourceTree = "<group>";
		};
		45BAEC901F20583B0055B0EE /* FlashcardTests */ = {
			isa = PBXGroup;
			children = (
				45BAEC911F20583B0055B0EE /* FlashcardTests.swift */,
				45BAEC931F20583B0055B0EE /* Info.plist */,
			);
			path = FlashcardTests;
			sourceTree = "<group>";
		};
		45BC40661F2CDEF90045D07C /* Extensions */ = {
			isa = PBXGroup;
			children = (
				45BC40671F2CDF060045D07C /* JSON+Extensions.swift */,
				45BC406A1F2CE0290045D07C /* Alamofire+Extensions.swift */,
				45BC406D1F2CE3610045D07C /* NSError+Extensions.swift */,
				45209F131F315E4200859AF6 /* Realm+Extensions.swift */,
				45209F161F38D75F00859AF6 /* UIViewController+Extensions.swift */,
			);
			name = Extensions;
			sourceTree = "<group>";
		};
		45E816281F2525060088416F /* Models */ = {
			isa = PBXGroup;
			children = (
				45209F2A1F40EC5B00859AF6 /* Nudge */,
				45209F261F3E352400859AF6 /* Card */,
				45209F221F3E34EC00859AF6 /* Deck */,
			);
			name = Models;
			sourceTree = "<group>";
		};
		45E816301F252A700088416F /* Networking */ = {
			isa = PBXGroup;
			children = (
				45E816311F252A7C0088416F /* Routes.swift */,
				453D53521F2BC1890045AACD /* Errors.swift */,
				45209F1F1F3E2D3500859AF6 /* Coffee.swift */,
			);
			name = Networking;
			sourceTree = "<group>";
		};
		DF24284BE6C2FD2AD58B75CB /* Pods */ = {
			isa = PBXGroup;
			children = (
				8FD52A740E62230C8AFDC9B2 /* Pods-Flashcard.debug.xcconfig */,
				50EE67A0B5EA5EDEB5BC474C /* Pods-Flashcard.release.xcconfig */,
				431D88863FF15FCB43E2E4A6 /* Pods-FlashcardTests.debug.xcconfig */,
				699AD0D52620274113FACCA9 /* Pods-FlashcardTests.release.xcconfig */,
			);
			name = Pods;
			sourceTree = "<group>";
		};
		E9A104186A58F6AC3F2FF8BF /* Frameworks */ = {
			isa = PBXGroup;
			children = (
				2E28AB1634D71336BAF914D6 /* Pods_Flashcard.framework */,
				AE143CFB7D77D160C7D4EAA6 /* Pods_FlashcardTests.framework */,
			);
			name = Frameworks;
			sourceTree = "<group>";
		};
/* End PBXGroup section */

/* Begin PBXNativeTarget section */
		45BAEC781F20583B0055B0EE /* Flashcard */ = {
			isa = PBXNativeTarget;
			buildConfigurationList = 45BAEC961F20583B0055B0EE /* Build configuration list for PBXNativeTarget "Flashcard" */;
			buildPhases = (
				5B530FCAB6E0A756023702BC /* [CP] Check Pods Manifest.lock */,
				45BAEC751F20583B0055B0EE /* Sources */,
				45BAEC761F20583B0055B0EE /* Frameworks */,
				45BAEC771F20583B0055B0EE /* Resources */,
				EC2D2FCAA0CAE28EE3B5758A /* [CP] Embed Pods Frameworks */,
				6F819E68CD03197C3876D2FF /* [CP] Copy Pods Resources */,
			);
			buildRules = (
			);
			dependencies = (
			);
			name = Flashcard;
			productName = Flashcard;
			productReference = 45BAEC791F20583B0055B0EE /* Flashcard.app */;
			productType = "com.apple.product-type.application";
		};
		45BAEC8C1F20583B0055B0EE /* FlashcardTests */ = {
			isa = PBXNativeTarget;
			buildConfigurationList = 45BAEC991F20583B0055B0EE /* Build configuration list for PBXNativeTarget "FlashcardTests" */;
			buildPhases = (
				98B5658EF46F7B7A54F03AEE /* [CP] Check Pods Manifest.lock */,
				45BAEC891F20583B0055B0EE /* Sources */,
				45BAEC8A1F20583B0055B0EE /* Frameworks */,
				45BAEC8B1F20583B0055B0EE /* Resources */,
				3261CDFA86C3733D67627DF6 /* [CP] Embed Pods Frameworks */,
				23AA3F0609A67F94E2FF5B00 /* [CP] Copy Pods Resources */,
			);
			buildRules = (
			);
			dependencies = (
				45BAEC8F1F20583B0055B0EE /* PBXTargetDependency */,
			);
			name = FlashcardTests;
			productName = FlashcardTests;
			productReference = 45BAEC8D1F20583B0055B0EE /* FlashcardTests.xctest */;
			productType = "com.apple.product-type.bundle.unit-test";
		};
/* End PBXNativeTarget section */

/* Begin PBXProject section */
		45BAEC711F20583B0055B0EE /* Project object */ = {
			isa = PBXProject;
			attributes = {
				LastSwiftUpdateCheck = 0830;
				LastUpgradeCheck = 0830;
				ORGANIZATIONNAME = "Eli Gregory";
				TargetAttributes = {
					45BAEC781F20583B0055B0EE = {
						CreatedOnToolsVersion = 8.3.3;
						DevelopmentTeam = VEN2A639L9;
						ProvisioningStyle = Automatic;
					};
					45BAEC8C1F20583B0055B0EE = {
						CreatedOnToolsVersion = 8.3.3;
						DevelopmentTeam = VEN2A639L9;
						ProvisioningStyle = Automatic;
						TestTargetID = 45BAEC781F20583B0055B0EE;
					};
				};
			};
			buildConfigurationList = 45BAEC741F20583B0055B0EE /* Build configuration list for PBXProject "Flashcard" */;
			compatibilityVersion = "Xcode 3.2";
			developmentRegion = English;
			hasScannedForEncodings = 0;
			knownRegions = (
				en,
				Base,
			);
			mainGroup = 45BAEC701F20583B0055B0EE;
			productRefGroup = 45BAEC7A1F20583B0055B0EE /* Products */;
			projectDirPath = "";
			projectRoot = "";
			targets = (
				45BAEC781F20583B0055B0EE /* Flashcard */,
				45BAEC8C1F20583B0055B0EE /* FlashcardTests */,
			);
		};
/* End PBXProject section */

/* Begin PBXResourcesBuildPhase section */
		45BAEC771F20583B0055B0EE /* Resources */ = {
			isa = PBXResourcesBuildPhase;
			buildActionMask = 2147483647;
			files = (
				45BAEC871F20583B0055B0EE /* LaunchScreen.storyboard in Resources */,
				45BAEC841F20583B0055B0EE /* Assets.xcassets in Resources */,
				45BAEC821F20583B0055B0EE /* Main.storyboard in Resources */,
			);
			runOnlyForDeploymentPostprocessing = 0;
		};
		45BAEC8B1F20583B0055B0EE /* Resources */ = {
			isa = PBXResourcesBuildPhase;
			buildActionMask = 2147483647;
			files = (
			);
			runOnlyForDeploymentPostprocessing = 0;
		};
/* End PBXResourcesBuildPhase section */

/* Begin PBXShellScriptBuildPhase section */
		23AA3F0609A67F94E2FF5B00 /* [CP] Copy Pods Resources */ = {
			isa = PBXShellScriptBuildPhase;
			buildActionMask = 2147483647;
			files = (
			);
			inputPaths = (
			);
			name = "[CP] Copy Pods Resources";
			outputPaths = (
			);
			runOnlyForDeploymentPostprocessing = 0;
			shellPath = /bin/sh;
			shellScript = "\"${SRCROOT}/Pods/Target Support Files/Pods-FlashcardTests/Pods-FlashcardTests-resources.sh\"\n";
			showEnvVarsInLog = 0;
		};
		3261CDFA86C3733D67627DF6 /* [CP] Embed Pods Frameworks */ = {
			isa = PBXShellScriptBuildPhase;
			buildActionMask = 2147483647;
			files = (
			);
			inputPaths = (
			);
			name = "[CP] Embed Pods Frameworks";
			outputPaths = (
			);
			runOnlyForDeploymentPostprocessing = 0;
			shellPath = /bin/sh;
			shellScript = "\"${SRCROOT}/Pods/Target Support Files/Pods-FlashcardTests/Pods-FlashcardTests-frameworks.sh\"\n";
			showEnvVarsInLog = 0;
		};
		5B530FCAB6E0A756023702BC /* [CP] Check Pods Manifest.lock */ = {
			isa = PBXShellScriptBuildPhase;
			buildActionMask = 2147483647;
			files = (
			);
			inputPaths = (
			);
			name = "[CP] Check Pods Manifest.lock";
			outputPaths = (
			);
			runOnlyForDeploymentPostprocessing = 0;
			shellPath = /bin/sh;
			shellScript = "diff \"${PODS_ROOT}/../Podfile.lock\" \"${PODS_ROOT}/Manifest.lock\" > /dev/null\nif [ $? != 0 ] ; then\n    # print error to STDERR\n    echo \"error: The sandbox is not in sync with the Podfile.lock. Run 'pod install' or update your CocoaPods installation.\" >&2\n    exit 1\nfi\n";
			showEnvVarsInLog = 0;
		};
		6F819E68CD03197C3876D2FF /* [CP] Copy Pods Resources */ = {
			isa = PBXShellScriptBuildPhase;
			buildActionMask = 2147483647;
			files = (
			);
			inputPaths = (
			);
			name = "[CP] Copy Pods Resources";
			outputPaths = (
			);
			runOnlyForDeploymentPostprocessing = 0;
			shellPath = /bin/sh;
			shellScript = "\"${SRCROOT}/Pods/Target Support Files/Pods-Flashcard/Pods-Flashcard-resources.sh\"\n";
			showEnvVarsInLog = 0;
		};
		98B5658EF46F7B7A54F03AEE /* [CP] Check Pods Manifest.lock */ = {
			isa = PBXShellScriptBuildPhase;
			buildActionMask = 2147483647;
			files = (
			);
			inputPaths = (
			);
			name = "[CP] Check Pods Manifest.lock";
			outputPaths = (
			);
			runOnlyForDeploymentPostprocessing = 0;
			shellPath = /bin/sh;
			shellScript = "diff \"${PODS_ROOT}/../Podfile.lock\" \"${PODS_ROOT}/Manifest.lock\" > /dev/null\nif [ $? != 0 ] ; then\n    # print error to STDERR\n    echo \"error: The sandbox is not in sync with the Podfile.lock. Run 'pod install' or update your CocoaPods installation.\" >&2\n    exit 1\nfi\n";
			showEnvVarsInLog = 0;
		};
		EC2D2FCAA0CAE28EE3B5758A /* [CP] Embed Pods Frameworks */ = {
			isa = PBXShellScriptBuildPhase;
			buildActionMask = 2147483647;
			files = (
			);
			inputPaths = (
			);
			name = "[CP] Embed Pods Frameworks";
			outputPaths = (
			);
			runOnlyForDeploymentPostprocessing = 0;
			shellPath = /bin/sh;
			shellScript = "\"${SRCROOT}/Pods/Target Support Files/Pods-Flashcard/Pods-Flashcard-frameworks.sh\"\n";
			showEnvVarsInLog = 0;
		};
/* End PBXShellScriptBuildPhase section */

/* Begin PBXSourcesBuildPhase section */
		45BAEC751F20583B0055B0EE /* Sources */ = {
			isa = PBXSourcesBuildPhase;
			buildActionMask = 2147483647;
			files = (
				45E8162A1F25251A0088416F /* Deck.swift in Sources */,
				45209F141F315E4200859AF6 /* Realm+Extensions.swift in Sources */,
				45BAEC7F1F20583B0055B0EE /* DeckViewController.swift in Sources */,
				45BC406B1F2CE0290045D07C /* Alamofire+Extensions.swift in Sources */,
				45E816351F2535470088416F /* Session.swift in Sources */,
				45BC40681F2CDF060045D07C /* JSON+Extensions.swift in Sources */,
				45209F171F38D75F00859AF6 /* UIViewController+Extensions.swift in Sources */,
				45BC40811F3002670045D07C /* NewCardFormController.swift in Sources */,
				45E816321F252A7C0088416F /* Routes.swift in Sources */,
				45BAEC7D1F20583B0055B0EE /* AppDelegate.swift in Sources */,
				45209F241F3E34FD00859AF6 /* Deck+Data.swift in Sources */,
				45BC407A1F2FE1DB0045D07C /* Nudge.swift in Sources */,
				45BC40771F2E5B650045D07C /* NewDeckFormController.swift in Sources */,
				45209F281F3E353300859AF6 /* Card+Data.swift in Sources */,
				45BC40711F2CF2DD0045D07C /* RootTableViewController.swift in Sources */,
				45E8162D1F2525230088416F /* Card.swift in Sources */,
				45BC40741F2E49F40045D07C /* ChooseDeckViewController.swift in Sources */,
				453D53531F2BC1890045AACD /* Errors.swift in Sources */,
				45209F1D1F3A3C3100859AF6 /* ShuffledDeck.swift in Sources */,
				45BC407D1F2FEC210045D07C /* NudgeTimeEditViewController.swift in Sources */,
				45BC406E1F2CE3610045D07C /* NSError+Extensions.swift in Sources */,
				45209F201F3E2D3500859AF6 /* Coffee.swift in Sources */,
			);
			runOnlyForDeploymentPostprocessing = 0;
		};
		45BAEC891F20583B0055B0EE /* Sources */ = {
			isa = PBXSourcesBuildPhase;
			buildActionMask = 2147483647;
			files = (
				45E816361F2535470088416F /* Session.swift in Sources */,
				45209F151F315E4200859AF6 /* Realm+Extensions.swift in Sources */,
				45BC407E1F2FEC210045D07C /* NudgeTimeEditViewController.swift in Sources */,
				45E8162B1F25251A0088416F /* Deck.swift in Sources */,
				45E816331F252A7C0088416F /* Routes.swift in Sources */,
				45E8162E1F2525230088416F /* Card.swift in Sources */,
				45209F181F38D75F00859AF6 /* UIViewController+Extensions.swift in Sources */,
				45BC40821F3002670045D07C /* NewCardFormController.swift in Sources */,
				45BC40751F2E49F40045D07C /* ChooseDeckViewController.swift in Sources */,
				45BC40781F2E5B650045D07C /* NewDeckFormController.swift in Sources */,
				45209F251F3E34FD00859AF6 /* Deck+Data.swift in Sources */,
				453D53541F2BC1890045AACD /* Errors.swift in Sources */,
				45BC406F1F2CE3610045D07C /* NSError+Extensions.swift in Sources */,
				45209F291F3E353300859AF6 /* Card+Data.swift in Sources */,
				45BC407F1F2FFFA40045D07C /* DeckViewController.swift in Sources */,
				45BC40691F2CDF060045D07C /* JSON+Extensions.swift in Sources */,
				45BC407B1F2FE1DB0045D07C /* Nudge.swift in Sources */,
				45BAEC921F20583B0055B0EE /* FlashcardTests.swift in Sources */,
				45BC40721F2CF2DD0045D07C /* RootTableViewController.swift in Sources */,
				45209F1E1F3A3C3100859AF6 /* ShuffledDeck.swift in Sources */,
				45BC406C1F2CE0290045D07C /* Alamofire+Extensions.swift in Sources */,
				45209F211F3E2D3500859AF6 /* Coffee.swift in Sources */,
			);
			runOnlyForDeploymentPostprocessing = 0;
		};
/* End PBXSourcesBuildPhase section */

/* Begin PBXTargetDependency section */
		45BAEC8F1F20583B0055B0EE /* PBXTargetDependency */ = {
			isa = PBXTargetDependency;
			target = 45BAEC781F20583B0055B0EE /* Flashcard */;
			targetProxy = 45BAEC8E1F20583B0055B0EE /* PBXContainerItemProxy */;
		};
/* End PBXTargetDependency section */

/* Begin PBXVariantGroup section */
		45BAEC801F20583B0055B0EE /* Main.storyboard */ = {
			isa = PBXVariantGroup;
			children = (
				45BAEC811F20583B0055B0EE /* Base */,
			);
			name = Main.storyboard;
			sourceTree = "<group>";
		};
		45BAEC851F20583B0055B0EE /* LaunchScreen.storyboard */ = {
			isa = PBXVariantGroup;
			children = (
				45BAEC861F20583B0055B0EE /* Base */,
			);
			name = LaunchScreen.storyboard;
			sourceTree = "<group>";
		};
/* End PBXVariantGroup section */

/* Begin XCBuildConfiguration section */
		45BAEC941F20583B0055B0EE /* Debug */ = {
			isa = XCBuildConfiguration;
			buildSettings = {
				ALWAYS_SEARCH_USER_PATHS = NO;
				CLANG_ANALYZER_NONNULL = YES;
				CLANG_ANALYZER_NUMBER_OBJECT_CONVERSION = YES_AGGRESSIVE;
				CLANG_CXX_LANGUAGE_STANDARD = "gnu++0x";
				CLANG_CXX_LIBRARY = "libc++";
				CLANG_ENABLE_MODULES = YES;
				CLANG_ENABLE_OBJC_ARC = YES;
				CLANG_WARN_BOOL_CONVERSION = YES;
				CLANG_WARN_CONSTANT_CONVERSION = YES;
				CLANG_WARN_DIRECT_OBJC_ISA_USAGE = YES_ERROR;
				CLANG_WARN_DOCUMENTATION_COMMENTS = YES;
				CLANG_WARN_EMPTY_BODY = YES;
				CLANG_WARN_ENUM_CONVERSION = YES;
				CLANG_WARN_INFINITE_RECURSION = YES;
				CLANG_WARN_INT_CONVERSION = YES;
				CLANG_WARN_OBJC_ROOT_CLASS = YES_ERROR;
				CLANG_WARN_SUSPICIOUS_MOVE = YES;
				CLANG_WARN_UNREACHABLE_CODE = YES;
				CLANG_WARN__DUPLICATE_METHOD_MATCH = YES;
				"CODE_SIGN_IDENTITY[sdk=iphoneos*]" = "iPhone Developer";
				COPY_PHASE_STRIP = NO;
				DEBUG_INFORMATION_FORMAT = dwarf;
				ENABLE_STRICT_OBJC_MSGSEND = YES;
				ENABLE_TESTABILITY = YES;
				GCC_C_LANGUAGE_STANDARD = gnu99;
				GCC_DYNAMIC_NO_PIC = NO;
				GCC_NO_COMMON_BLOCKS = YES;
				GCC_OPTIMIZATION_LEVEL = 0;
				GCC_PREPROCESSOR_DEFINITIONS = (
					"DEBUG=1",
					"$(inherited)",
				);
				GCC_WARN_64_TO_32_BIT_CONVERSION = YES;
				GCC_WARN_ABOUT_RETURN_TYPE = YES_ERROR;
				GCC_WARN_UNDECLARED_SELECTOR = YES;
				GCC_WARN_UNINITIALIZED_AUTOS = YES_AGGRESSIVE;
				GCC_WARN_UNUSED_FUNCTION = YES;
				GCC_WARN_UNUSED_VARIABLE = YES;
				IPHONEOS_DEPLOYMENT_TARGET = 10.3;
				MTL_ENABLE_DEBUG_INFO = YES;
				ONLY_ACTIVE_ARCH = YES;
				SDKROOT = iphoneos;
				SWIFT_ACTIVE_COMPILATION_CONDITIONS = DEBUG;
				SWIFT_OPTIMIZATION_LEVEL = "-Onone";
				TARGETED_DEVICE_FAMILY = "1,2";
			};
			name = Debug;
		};
		45BAEC951F20583B0055B0EE /* Release */ = {
			isa = XCBuildConfiguration;
			buildSettings = {
				ALWAYS_SEARCH_USER_PATHS = NO;
				CLANG_ANALYZER_NONNULL = YES;
				CLANG_ANALYZER_NUMBER_OBJECT_CONVERSION = YES_AGGRESSIVE;
				CLANG_CXX_LANGUAGE_STANDARD = "gnu++0x";
				CLANG_CXX_LIBRARY = "libc++";
				CLANG_ENABLE_MODULES = YES;
				CLANG_ENABLE_OBJC_ARC = YES;
				CLANG_WARN_BOOL_CONVERSION = YES;
				CLANG_WARN_CONSTANT_CONVERSION = YES;
				CLANG_WARN_DIRECT_OBJC_ISA_USAGE = YES_ERROR;
				CLANG_WARN_DOCUMENTATION_COMMENTS = YES;
				CLANG_WARN_EMPTY_BODY = YES;
				CLANG_WARN_ENUM_CONVERSION = YES;
				CLANG_WARN_INFINITE_RECURSION = YES;
				CLANG_WARN_INT_CONVERSION = YES;
				CLANG_WARN_OBJC_ROOT_CLASS = YES_ERROR;
				CLANG_WARN_SUSPICIOUS_MOVE = YES;
				CLANG_WARN_UNREACHABLE_CODE = YES;
				CLANG_WARN__DUPLICATE_METHOD_MATCH = YES;
				"CODE_SIGN_IDENTITY[sdk=iphoneos*]" = "iPhone Developer";
				COPY_PHASE_STRIP = NO;
				DEBUG_INFORMATION_FORMAT = "dwarf-with-dsym";
				ENABLE_NS_ASSERTIONS = NO;
				ENABLE_STRICT_OBJC_MSGSEND = YES;
				GCC_C_LANGUAGE_STANDARD = gnu99;
				GCC_NO_COMMON_BLOCKS = YES;
				GCC_WARN_64_TO_32_BIT_CONVERSION = YES;
				GCC_WARN_ABOUT_RETURN_TYPE = YES_ERROR;
				GCC_WARN_UNDECLARED_SELECTOR = YES;
				GCC_WARN_UNINITIALIZED_AUTOS = YES_AGGRESSIVE;
				GCC_WARN_UNUSED_FUNCTION = YES;
				GCC_WARN_UNUSED_VARIABLE = YES;
				IPHONEOS_DEPLOYMENT_TARGET = 10.3;
				MTL_ENABLE_DEBUG_INFO = NO;
				SDKROOT = iphoneos;
				SWIFT_OPTIMIZATION_LEVEL = "-Owholemodule";
				TARGETED_DEVICE_FAMILY = "1,2";
				VALIDATE_PRODUCT = YES;
			};
			name = Release;
		};
		45BAEC971F20583B0055B0EE /* Debug */ = {
			isa = XCBuildConfiguration;
			baseConfigurationReference = 8FD52A740E62230C8AFDC9B2 /* Pods-Flashcard.debug.xcconfig */;
			buildSettings = {
				ASSETCATALOG_COMPILER_APPICON_NAME = AppIcon;
				BASE_API_ENDPOINT = "http://localhost:8080/";
				DEVELOPMENT_TEAM = VEN2A639L9;
				INFOPLIST_FILE = Flashcard/Info.plist;
				IPHONEOS_DEPLOYMENT_TARGET = 9.0;
				LD_RUNPATH_SEARCH_PATHS = "$(inherited) @executable_path/Frameworks";
				PRODUCT_BUNDLE_IDENTIFIER = com.achimllc.Flashcard;
				PRODUCT_NAME = "$(TARGET_NAME)";
				SWIFT_ACTIVE_COMPILATION_CONDITIONS = DEBUG;
				SWIFT_VERSION = 3.0;
			};
			name = Debug;
		};
		45BAEC981F20583B0055B0EE /* Release */ = {
			isa = XCBuildConfiguration;
			baseConfigurationReference = 50EE67A0B5EA5EDEB5BC474C /* Pods-Flashcard.release.xcconfig */;
			buildSettings = {
				ASSETCATALOG_COMPILER_APPICON_NAME = AppIcon;
				BASE_API_ENDPOINT = "http://localhost:8080/";
				DEVELOPMENT_TEAM = VEN2A639L9;
				INFOPLIST_FILE = Flashcard/Info.plist;
				IPHONEOS_DEPLOYMENT_TARGET = 9.0;
				LD_RUNPATH_SEARCH_PATHS = "$(inherited) @executable_path/Frameworks";
				PRODUCT_BUNDLE_IDENTIFIER = com.achimllc.Flashcard;
				PRODUCT_NAME = "$(TARGET_NAME)";
				SWIFT_ACTIVE_COMPILATION_CONDITIONS = "";
				SWIFT_VERSION = 3.0;
			};
			name = Release;
		};
		45BAEC9A1F20583B0055B0EE /* Debug */ = {
			isa = XCBuildConfiguration;
			baseConfigurationReference = 431D88863FF15FCB43E2E4A6 /* Pods-FlashcardTests.debug.xcconfig */;
			buildSettings = {
				ALWAYS_EMBED_SWIFT_STANDARD_LIBRARIES = YES;
				BUNDLE_LOADER = "$(TEST_HOST)";
				DEVELOPMENT_TEAM = VEN2A639L9;
				INFOPLIST_FILE = FlashcardTests/Info.plist;
				LD_RUNPATH_SEARCH_PATHS = "$(inherited) @executable_path/Frameworks @loader_path/Frameworks";
				PRODUCT_BUNDLE_IDENTIFIER = com.achimllc.FlashcardTests;
				PRODUCT_NAME = "$(TARGET_NAME)";
				SWIFT_VERSION = 3.0;
				TEST_HOST = "$(BUILT_PRODUCTS_DIR)/Flashcard.app/Flashcard";
			};
			name = Debug;
		};
		45BAEC9B1F20583B0055B0EE /* Release */ = {
			isa = XCBuildConfiguration;
			baseConfigurationReference = 699AD0D52620274113FACCA9 /* Pods-FlashcardTests.release.xcconfig */;
			buildSettings = {
				ALWAYS_EMBED_SWIFT_STANDARD_LIBRARIES = YES;
				BUNDLE_LOADER = "$(TEST_HOST)";
				DEVELOPMENT_TEAM = VEN2A639L9;
				INFOPLIST_FILE = FlashcardTests/Info.plist;
				LD_RUNPATH_SEARCH_PATHS = "$(inherited) @executable_path/Frameworks @loader_path/Frameworks";
				PRODUCT_BUNDLE_IDENTIFIER = com.achimllc.FlashcardTests;
				PRODUCT_NAME = "$(TARGET_NAME)";
				SWIFT_VERSION = 3.0;
				TEST_HOST = "$(BUILT_PRODUCTS_DIR)/Flashcard.app/Flashcard";
			};
			name = Release;
		};
/* End XCBuildConfiguration section */

/* Begin XCConfigurationList section */
		45BAEC741F20583B0055B0EE /* Build configuration list for PBXProject "Flashcard" */ = {
			isa = XCConfigurationList;
			buildConfigurations = (
				45BAEC941F20583B0055B0EE /* Debug */,
				45BAEC951F20583B0055B0EE /* Release */,
			);
			defaultConfigurationIsVisible = 0;
			defaultConfigurationName = Release;
		};
		45BAEC961F20583B0055B0EE /* Build configuration list for PBXNativeTarget "Flashcard" */ = {
			isa = XCConfigurationList;
			buildConfigurations = (
				45BAEC971F20583B0055B0EE /* Debug */,
				45BAEC981F20583B0055B0EE /* Release */,
			);
			defaultConfigurationIsVisible = 0;
			defaultConfigurationName = Release;
		};
		45BAEC991F20583B0055B0EE /* Build configuration list for PBXNativeTarget "FlashcardTests" */ = {
			isa = XCConfigurationList;
			buildConfigurations = (
				45BAEC9A1F20583B0055B0EE /* Debug */,
				45BAEC9B1F20583B0055B0EE /* Release */,
			);
			defaultConfigurationIsVisible = 0;
			defaultConfigurationName = Release;
		};
/* End XCConfigurationList section */
	};
	rootObject = 45BAEC711F20583B0055B0EE /* Project object */;
}
